%{
  "beam_notify": {:hex, :beam_notify, "1.1.1", "da7dd04f16120bcab71f01ff81607ea38ad78af859cd87fad2012eac8feab034", [:make, :mix], [{:elixir_make, "~> 0.6", [hex: :elixir_make, repo: "hexpm", optional: false]}], "hexpm", "5a09fc8449171da423f781de16b95cdec52763e60308345de6f15358c2382a42"},
  "castore": {:hex, :castore, "1.0.18", "5e43ef0ec7d31195dfa5a65a86e6131db999d074179d2ba5a8de11fe14570f55", [:mix], [], "hexpm", "f393e4fe6317829b158fb74d86eb681f737d2fe326aa61ccf6293c4104957e34"},
  "circuits_gpio": {:hex, :circuits_gpio, "2.1.3", "7f5b8262a7ee39729b11b42cb5ce3216145649aa315fd08fc3405ca7139382b4", [:make, :mix], [{:elixir_make, "~> 0.6", [hex: :elixir_make, repo: "hexpm", optional: false]}], "hexpm", "8616d3085f0e3b794f330cef8d4200ed83a0a2a8edf011d75d9e024299118220"},
  "circuits_i2c": {:hex, :circuits_i2c, "2.1.0", "0656ea5d106744c498a8cd778f39c0685ab574e3da7159814cfbfe709001f0e5", [:make, :mix], [{:elixir_make, "~> 0.6", [hex: :elixir_make, repo: "hexpm", optional: false]}], "hexpm", "3751a875a9d728080fdbc5fd352f728d4746a82e17e52f4444c406200349f6ac"},
  "circuits_spi": {:hex, :circuits_spi, "2.0.4", "b75f64c0401e3c64319dcfc76a9bc17466e4469adc5daf34165f4c4b11cf12ee", [:make, :mix], [{:elixir_make, "~> 0.6", [hex: :elixir_make, repo: "hexpm", optional: false]}], "hexpm", "ccf034065091f26c624dee777ea3f48ce64696af812622e1d060b2cffdbf90e4"},
  "circuits_uart": {:hex, :circuits_uart, "1.5.5", "0cb6df39ab66bf712dd854d1da8fe9cdbe2fee245661bf6aef49031b43acdbf6", [:mix], [{:elixir_make, "~> 0.6", [hex: :elixir_make, repo: "hexpm", optional: false]}], "hexpm", "e688282b271d66cfe10c26e19fe3592202524532aaaebb3849ea26770ea52f5d"},
  "circular_buffer": {:hex, :circular_buffer, "1.0.0", "25c004da0cba7bd8bc1bdabded4f9a902d095e20600fd15faf1f2ffbaea18a07", [:mix], [], "hexpm", "c829ec31c13c7bafd1f546677263dff5bfb006e929f25635878ac3cfba8749e5"},
  "elixir_make": {:hex, :elixir_make, "0.9.0", "6484b3cd8c0cee58f09f05ecaf1a140a8c97670671a6a0e7ab4dc326c3109726", [:mix], [], "hexpm", "db23d4fd8b757462ad02f8aa73431a426fe6671c80b200d9710caf3d1dd0ffdb"},
  "interactive_cmd": {:hex, :interactive_cmd, "0.1.4", "398b517b88fc0e4a7dc4ece883bf952995b859a406331626f3c94a1f680657e4", [:mix], [], "hexpm", "d2089b3827f6b21e48ac85a59441211dacda5c0702ab6f590f2117990968a571"},
  "jason": {:hex, :jason, "1.4.4", "b9226785a9aa77b6857ca22832cffa5d5011a667207eb2a0ad56adb5db443b8a", [:mix], [{:decimal, "~> 1.0 or ~> 2.0", [hex: :decimal, repo: "hexpm", optional: true]}], "hexpm", "c5eb0cab91f094599f94d55bc63409236a8ec69a21a67814529e8d5f6cc90b3b"},
  "mdns_lite": {:hex, :mdns_lite, "0.9.1", "fb305081d01aa62d38d86a4e467e9b7eb217aa68d62c22b111105170ca7f198f", [:mix], [{:igniter, "~> 0.5", [hex: :igniter, repo: "hexpm", optional: true]}, {:vintage_net, "~> 0.7", [hex: :vintage_net, repo: "hexpm", optional: true]}], "hexpm", "4f5ae0c6cc69fcc3adadf68bfd54abfc5a284defa703d6faefe40ade2145a601"},
  "muontrap": {:hex, :muontrap, "1.7.0", "ff6eda43839194dc342b81e02e764fd75389a8ab166318548f3aaec374846600", [:make, :mix], [{:elixir_make, "~> 0.6", [hex: :elixir_make, repo: "hexpm", optional: false]}], "hexpm", "7bd4a90ae008bf6a25554aa13497b2c05dfa1fcc34be5bdcb8fb4dec9b3422e3"},
  "nerves": {:hex, :nerves, "1.14.1", "e9351f8eaf23073627a0eb8f0c6129825c553c672772da32a8d5b3b2b322ddcd", [:make, :mix], [{:elixir_make, "~> 0.6", [hex: :elixir_make, repo: "hexpm", optional: false]}, {:interactive_cmd, "~> 0.1.4", [hex: :interactive_cmd, repo: "hexpm", optional: false]}, {:jason, "~> 1.2", [hex: :jason, repo: "hexpm", optional: false]}, {:nerves_discovery, "~> 0.1.2", [hex: :nerves_discovery, repo: "hexpm", optional: false]}, {:tablet, "~> 0.3.1", [hex: :tablet, repo: "hexpm", optional: false]}], "hexpm", "607260141a910d02ebeae5b8dc064e90625cfaa1047a874b96dec664e81c814c"},
  "nerves_discovery": {:hex, :nerves_discovery, "0.1.2", "9bf4b031cd13c00073cd2ee1053569ecc308da33a16a316997f59b0168c96300", [:mix], [], "hexpm", "87220c31e6de2919b81c9648bdaa647b1e8f67356475d295d7ecf08639ea294c"},
  "nerves_logging": {:hex, :nerves_logging, "0.2.4", "7d60c345325c7165a1473be30a399847eaba425dce3258ef97a8aefd6d913160", [:make, :mix], [{:elixir_make, "~> 0.6", [hex: :elixir_make, repo: "hexpm", optional: false]}], "hexpm", "942f9757adea17d56f4f64fbf4e1aaffd4b2471dd2f1bc020ba80ba2ef5238bc"},
  "nerves_motd": {:hex, :nerves_motd, "0.1.17", "a0c4ebec82425185dd8cea1c12cd5d310b076cdefc82ba5f4bf516b5733ee4de", [:mix], [{:nerves_runtime, "~> 0.13.9", [hex: :nerves_runtime, repo: "hexpm", optional: false]}, {:nerves_time, "~> 0.4", [hex: :nerves_time, repo: "hexpm", optional: true]}, {:nerves_time_zones, "~> 0.1", [hex: :nerves_time_zones, repo: "hexpm", optional: true]}], "hexpm", "901a99bb22355e3f68b2f33182756cec1b0556531a6f93521a7baa2f0591969d"},
  "nerves_pack": {:hex, :nerves_pack, "0.7.1", "f069a9c3cfcde445498aad618af95c846f2ee032a69c2d715a9e5d4f632fb1b5", [:mix], [{:mdns_lite, "> 0.0.0", [hex: :mdns_lite, repo: "hexpm", optional: false]}, {:nerves_motd, "> 0.0.0", [hex: :nerves_motd, repo: "hexpm", optional: false]}, {:nerves_runtime, "> 0.0.0", [hex: :nerves_runtime, repo: "hexpm", optional: false]}, {:nerves_ssh, "> 0.0.0", [hex: :nerves_ssh, repo: "hexpm", optional: false]}, {:nerves_time, "> 0.0.0", [hex: :nerves_time, repo: "hexpm", optional: false]}, {:ring_logger, "> 0.0.0", [hex: :ring_logger, repo: "hexpm", optional: false]}, {:vintage_net, "> 0.0.0", [hex: :vintage_net, repo: "hexpm", optional: false]}, {:vintage_net_direct, "> 0.0.0", [hex: :vintage_net_direct, repo: "hexpm", optional: false]}, {:vintage_net_ethernet, "> 0.0.0", [hex: :vintage_net_ethernet, repo: "hexpm", optional: false]}, {:vintage_net_wifi, "> 0.0.0", [hex: :vintage_net_wifi, repo: "hexpm", optional: false]}], "hexpm", "6b94d38771e3a97c3ed63e62fb5f78b47461208ee162e20bfbcf6e36fd900616"},
  "nerves_runtime": {:hex, :nerves_runtime, "0.13.12", "65f12109d1ad0fee29737b7a7ed52c5ab10d6a69470472250266940baca5859e", [:mix], [{:nerves_logging, "~> 0.2.0", [hex: :nerves_logging, repo: "hexpm", optional: false]}, {:nerves_uevent, "~> 0.1.0", [hex: :nerves_uevent, repo: "hexpm", optional: false]}, {:uboot_env, "~> 0.3.0 or ~> 1.0", [hex: :uboot_env, repo: "hexpm", optional: false]}], "hexpm", "b439f2181286967067ffe1ba03cf16a388f16f4e9e931d8f91f304e0b9472499"},
  "nerves_ssh": {:hex, :nerves_ssh, "1.3.0", "256ab684d0dc789998061959d59b30dae8c7f94a3d28ef071ec5f8a5e17118c0", [:mix], [{:nerves_runtime, "~> 0.11", [hex: :nerves_runtime, repo: "hexpm", optional: false]}, {:ssh_subsystem_fwup, "~> 0.5", [hex: :ssh_subsystem_fwup, repo: "hexpm", optional: false]}], "hexpm", "90ada3bf51f27dc345487da8a5e61bd4db0fd6d36e487b1379155bc905b10617"},
  "nerves_system_bbb": {:hex, :nerves_system_bbb, "2.29.3", "a41932df259de9f9517f1660ece397aabadfb4cc994769c84ec27726717caa3f", [:mix], [{:nerves, "~> 1.11.1 or ~> 1.12", [hex: :nerves, repo: "hexpm", optional: false]}, {:nerves_system_br, "1.33.5", [hex: :nerves_system_br, repo: "hexpm", optional: false]}, {:nerves_toolchain_armv7_nerves_linux_gnueabihf, "~> 13.2.0", [hex: :nerves_toolchain_armv7_nerves_linux_gnueabihf, repo: "hexpm", optional: false]}], "hexpm", "cb73dcc43ec02fb09923859979e1fab00dc5fb5fa3d8241a249c1c03bd526076"},
  "nerves_system_br": {:hex, :nerves_system_br, "1.33.5", "f464480e12a0b318752e3dae381908ddcdef84ced81462685e225834e5dffe89", [:mix], [], "hexpm", "5e670020e7458fa5fb966086086ecad396a4a95bb7a24fd79a8ddf76d75ea096"},
  "nerves_system_grisp2": {:hex, :nerves_system_grisp2, "0.17.3", "ad59a260a87e6767adf3c29d55c513a0d9ff7acff3334147bc6229f801a292c3", [:mix], [{:nerves, "~> 1.11", [hex: :nerves, repo: "hexpm", optional: false]}, {:nerves_system_br, "1.33.5", [hex: :nerves_system_br, repo: "hexpm", optional: false]}, {:nerves_toolchain_armv7_nerves_linux_gnueabihf, "~> 13.2.0", [hex: :nerves_toolchain_armv7_nerves_linux_gnueabihf, repo: "hexpm", optional: false]}], "hexpm", "8c7f25f9736caf82d54232b73c6618a3cf4662b3682e4c9709512d5bfe3cfd43"},
  "nerves_system_mangopi_mq_pro": {:hex, :nerves_system_mangopi_mq_pro, "0.15.3", "768de18a12a80de6418231ade185dce8e65981c5cbf3c650a41c6abeb61aa5d3", [:mix], [{:nerves, "~> 1.11", [hex: :nerves, repo: "hexpm", optional: false]}, {:nerves_system_br, "1.33.5", [hex: :nerves_system_br, repo: "hexpm", optional: false]}, {:nerves_toolchain_riscv64_nerves_linux_gnu, "~> 13.2.0", [hex: :nerves_toolchain_riscv64_nerves_linux_gnu, repo: "hexpm", optional: false]}], "hexpm", "de6870633b4f2be2ff1e84e28ca1b1e8c6b1edc363c91f4d9f4a87b6b28d0e54"},
  "nerves_system_npi_imx6ull": {:hex, :nerves_system_npi_imx6ull, "0.21.3", "7a8561b178cd79787527a3eba31ef70b7e629b0442adc9434718778b8aadb6be", [:mix], [{:nerves, "~> 1.11", [hex: :nerves, repo: "hexpm", optional: false]}, {:nerves_system_br, "1.33.5", [hex: :nerves_system_br, repo: "hexpm", optional: false]}, {:nerves_toolchain_armv7_nerves_linux_gnueabihf, "~> 13.2.0", [hex: :nerves_toolchain_armv7_nerves_linux_gnueabihf, repo: "hexpm", optional: false]}], "hexpm", "0dce409462c7502cf1cf1e3d6d6de126068e47e6ec08a492709fe678c4975797"},
  "nerves_system_osd32mp1": {:hex, :nerves_system_osd32mp1, "0.24.3", "85f05fee70f23de6c5c25038e8a735e8976c9691964e764920d3035654545446", [:mix], [{:nerves, "~> 1.11", [hex: :nerves, repo: "hexpm", optional: false]}, {:nerves_system_br, "1.33.5", [hex: :nerves_system_br, repo: "hexpm", optional: false]}, {:nerves_toolchain_armv7_nerves_linux_gnueabihf, "~> 13.2.0", [hex: :nerves_toolchain_armv7_nerves_linux_gnueabihf, repo: "hexpm", optional: false]}], "hexpm", "09a42504668467b5b9e9066d41e91425c16f105390b2fd150e9f3abc4aaa52ed"},
  "nerves_system_qemu_aarch64": {:hex, :nerves_system_qemu_aarch64, "0.3.3", "9909457a0f51363a681415d17008b8a309f303af484911648d8113936fd33fbd", [:mix], [{:nerves, "~> 1.11", [hex: :nerves, repo: "hexpm", optional: false]}, {:nerves_system_br, "1.33.5", [hex: :nerves_system_br, repo: "hexpm", optional: false]}, {:nerves_toolchain_aarch64_nerves_linux_gnu, "~> 13.2.0", [hex: :nerves_toolchain_aarch64_nerves_linux_gnu, repo: "hexpm", optional: false]}], "hexpm", "1a4263b0bc81f3c051d469b8b2f78fcf20cc58c7776593a9e383494ca4e78b52"},
  "nerves_system_rpi": {:hex, :nerves_system_rpi, "2.0.2", "87096ebf743a06a0c8ee0e885a7c2268eb476da3ac214da04c449e8dfa505a06", [:mix], [{:nerves, "~> 1.11", [hex: :nerves, repo: "hexpm", optional: false]}, {:nerves_system_br, "1.33.5", [hex: :nerves_system_br, repo: "hexpm", optional: false]}, {:nerves_toolchain_armv6_nerves_linux_gnueabihf, "~> 13.2.0", [hex: :nerves_toolchain_armv6_nerves_linux_gnueabihf, repo: "hexpm", optional: false]}], "hexpm", "64204aeba710ef3d39612f059623f9e6fa7d255210c1598a5f55617284a4e35b"},
  "nerves_system_rpi0": {:hex, :nerves_system_rpi0, "2.0.2", "2d1740c47ae2572a8a70cdd81107248f0dd94b29b9d631cd792d0b04264bd101", [:mix], [{:nerves, "~> 1.11", [hex: :nerves, repo: "hexpm", optional: false]}, {:nerves_system_br, "1.33.5", [hex: :nerves_system_br, repo: "hexpm", optional: false]}, {:nerves_toolchain_armv6_nerves_linux_gnueabihf, "~> 13.2.0", [hex: :nerves_toolchain_armv6_nerves_linux_gnueabihf, repo: "hexpm", optional: false]}], "hexpm", "8f37bda2117349210fbeb92aa7c61a60c04fc36a659c77b21cddb75857045301"},
  "nerves_system_rpi0_2": {:hex, :nerves_system_rpi0_2, "2.0.2", "b28061edc8994abc305bd4843ba366fe8980111cb00a2d3559965ea60f338d76", [:mix], [{:nerves, "~> 1.11", [hex: :nerves, repo: "hexpm", optional: false]}, {:nerves_system_br, "1.33.5", [hex: :nerves_system_br, repo: "hexpm", optional: false]}, {:nerves_toolchain_aarch64_nerves_linux_gnu, "~> 13.2.0", [hex: :nerves_toolchain_aarch64_nerves_linux_gnu, repo: "hexpm", optional: false]}], "hexpm", "09fab10f2de1c2f285ce3de51b0d342a3d6cfde60d1d01d8736caf9984399848"},
  "nerves_system_rpi2": {:hex, :nerves_system_rpi2, "2.0.2", "31f390734adbc0d5e062d1bb708fc39450928e1fa417ea65aaec8faf72e68e0a", [:mix], [{:nerves, "~> 1.11", [hex: :nerves, repo: "hexpm", optional: false]}, {:nerves_system_br, "1.33.5", [hex: :nerves_system_br, repo: "hexpm", optional: false]}, {:nerves_toolchain_armv7_nerves_linux_gnueabihf, "~> 13.2.0", [hex: :nerves_toolchain_armv7_nerves_linux_gnueabihf, repo: "hexpm", optional: false]}], "hexpm", "cb74cd0f5b279b62c26b47c36d8cf2d820728fe4dee42dff9e289504df585d2a"},
  "nerves_system_rpi3": {:hex, :nerves_system_rpi3, "2.0.2", "d170658eb18e3cfe93822f412fa49b2cb19b319d1916aebe900068e6c1425b0a", [:mix], [{:nerves, "~> 1.11", [hex: :nerves, repo: "hexpm", optional: false]}, {:nerves_system_br, "1.33.5", [hex: :nerves_system_br, repo: "hexpm", optional: false]}, {:nerves_toolchain_armv7_nerves_linux_gnueabihf, "~> 13.2.0", [hex: :nerves_toolchain_armv7_nerves_linux_gnueabihf, repo: "hexpm", optional: false]}], "hexpm", "a638938e4900bfd26e20df9fb7cf66d49cef5c6d79d11a9a129c44863888b6fa"},
  "nerves_system_rpi3a": {:hex, :nerves_system_rpi3a, "2.0.2", "e411091742ef1384e4d86676ef09be9df1ab0cf029231218b7cf90d46595a787", [:mix], [{:nerves, "~> 1.11", [hex: :nerves, repo: "hexpm", optional: false]}, {:nerves_system_br, "1.33.5", [hex: :nerves_system_br, repo: "hexpm", optional: false]}, {:nerves_toolchain_armv7_nerves_linux_gnueabihf, "~> 13.2.0", [hex: :nerves_toolchain_armv7_nerves_linux_gnueabihf, repo: "hexpm", optional: false]}], "hexpm", "8feb36eb2e1e6722854c7b1234ce57e8d28f6a0b74b65598a0917831f3ea184b"},
  "nerves_system_rpi4": {:hex, :nerves_system_rpi4, "2.0.2", "e31505a95764e0d12e12caf27b34f52638eaa8798692b6adadef68e9bb3f6392", [:mix], [{:nerves, "~> 1.11", [hex: :nerves, repo: "hexpm", optional: false]}, {:nerves_system_br, "1.33.5", [hex: :nerves_system_br, repo: "hexpm", optional: false]}, {:nerves_toolchain_aarch64_nerves_linux_gnu, "~> 13.2.0", [hex: :nerves_toolchain_aarch64_nerves_linux_gnu, repo: "hexpm", optional: false]}], "hexpm", "ea9450b16d961786bb5748b4c3839ecd9b9c54ca262af05ea351d5f8fc0d8ca0"},
  "nerves_system_rpi5": {:hex, :nerves_system_rpi5, "2.0.2", "f161a93588df85c4713bf6a55b1d88991f42c020f8fe399e8beb7861568fa2c2", [:mix], [{:nerves, "~> 1.11", [hex: :nerves, repo: "hexpm", optional: false]}, {:nerves_system_br, "1.33.5", [hex: :nerves_system_br, repo: "hexpm", optional: false]}, {:nerves_toolchain_aarch64_nerves_linux_gnu, "~> 13.2.0", [hex: :nerves_toolchain_aarch64_nerves_linux_gnu, repo: "hexpm", optional: false]}], "hexpm", "8727f725b1e6163a8a0092589ff6a3e21ed41da122a5d8e2abccac6f5c43bb0b"},
  "nerves_system_x86_64": {:hex, :nerves_system_x86_64, "1.33.3", "f750324ad21f16eeb8a19c9ba9476920c408cb015743cc4e4ad77a2e759ade34", [:mix], [{:nerves, "~> 1.11", [hex: :nerves, repo: "hexpm", optional: false]}, {:nerves_system_br, "1.33.5", [hex: :nerves_system_br, repo: "hexpm", optional: false]}, {:nerves_toolchain_x86_64_nerves_linux_musl, "~> 13.2.0", [hex: :nerves_toolchain_x86_64_nerves_linux_musl, repo: "hexpm", optional: false]}], "hexpm", "6aff62723728d055d17b3770c6a12bf1bf064a4677da07f7a7d92c2ef0107875"},
  "nerves_time": {:hex, :nerves_time, "0.4.10", "6b93b86048a60bb59d84334618b6d27892a39e3dfd08a87efa49f9a1e103bf86", [:make, :mix], [{:elixir_make, "~> 0.6", [hex: :elixir_make, repo: "hexpm", optional: false]}, {:muontrap, "~> 0.5 or ~> 1.0", [hex: :muontrap, repo: "hexpm", optional: false]}], "hexpm", "7c24a4b3084d2826f9e7be415b20e6c63aaeb86113ac767e1ddf2203ed6695d2"},
  "nerves_toolchain_aarch64_nerves_linux_gnu": {:hex, :nerves_toolchain_aarch64_nerves_linux_gnu, "13.2.0", "68fcd2c21c86cceb9545948fae052d72f88b7c7c10205b252dac88559e2a3369", [:mix], [{:nerves, "~> 1.4", [hex: :nerves, repo: "hexpm", optional: false]}, {:nerves_toolchain_ctng, "~> 1.10.0", [hex: :nerves_toolchain_ctng, repo: "hexpm", optional: false]}], "hexpm", "f92212606919a062f975e7bd82ed8a1b95bd4864abb3444cd0d5d0e610e94cc5"},
  "nerves_toolchain_armv6_nerves_linux_gnueabihf": {:hex, :nerves_toolchain_armv6_nerves_linux_gnueabihf, "13.2.0", "d7a9a53cc53a99f6bbe13e872b793c84344b5cb2ec5220dc12217cba9a59ddae", [:mix], [{:nerves, "~> 1.0", [hex: :nerves, repo: "hexpm", optional: false]}, {:nerves_toolchain_ctng, "~> 1.10.0", [hex: :nerves_toolchain_ctng, repo: "hexpm", optional: false]}], "hexpm", "97791d351485d4114e992db7814766563892a55c9d22a2ebcc43b3c1247f2b62"},
  "nerves_toolchain_armv7_nerves_linux_gnueabihf": {:hex, :nerves_toolchain_armv7_nerves_linux_gnueabihf, "13.2.0", "48305b5ba2ec41d2f9bfd0997d6bb6e8a9f5358146baa58fc64887bfe2d38ccd", [:mix], [{:nerves, "~> 1.0", [hex: :nerves, repo: "hexpm", optional: false]}, {:nerves_toolchain_ctng, "~> 1.10.0", [hex: :nerves_toolchain_ctng, repo: "hexpm", optional: false]}], "hexpm", "7a43b14eb4ec90f36acf36a42ce42c1d69c280b90eea7ab9965e00db3ee6cbf7"},
  "nerves_toolchain_ctng": {:hex, :nerves_toolchain_ctng, "1.10.0", "c6b35377a0b7a93633a8673a788f1580fe1fa06083374b0e4df36da65828d2ef", [:mix], [{:nerves, "~> 1.0", [hex: :nerves, repo: "hexpm", optional: false]}], "hexpm", "e4ae1a2b84de3502ecac195765819be0ce2834eb276553163a7c03133f1760f1"},
  "nerves_toolchain_riscv64_nerves_linux_gnu": {:hex, :nerves_toolchain_riscv64_nerves_linux_gnu, "13.2.0", "a0b14d8afe512e79d3774e49fcc0fed06e43346ddfa6966bc51106b35ade2ce0", [:mix], [{:nerves, "~> 1.4", [hex: :nerves, repo: "hexpm", optional: false]}, {:nerves_toolchain_ctng, "~> 1.10.0", [hex: :nerves_toolchain_ctng, repo: "hexpm", optional: false]}], "hexpm", "a77396ee4560cd20d71d7e9c17a7056186a9e0fbd62a541ef4a78fddf8cb9171"},
  "nerves_toolchain_x86_64_nerves_linux_musl": {:hex, :nerves_toolchain_x86_64_nerves_linux_musl, "13.2.0", "1896dc1576363e16276164cf350e98493a9b9b9391eafa94315a82adf97d94ea", [:mix], [{:nerves, "~> 1.0", [hex: :nerves, repo: "hexpm", optional: false]}, {:nerves_toolchain_ctng, "~> 1.10.0", [hex: :nerves_toolchain_ctng, repo: "hexpm", optional: false]}], "hexpm", "be6214995b7ee181f9e8ebb4148312775c0a626b857f0bb4688d8efda8844cba"},
  "nerves_uevent": {:hex, :nerves_uevent, "0.1.5", "939da28c92c7978025a30aae267684cccd34e15e1acaa96b9e24eabd1b78eb83", [:make, :mix], [{:elixir_make, "~> 0.6", [hex: :elixir_make, repo: "hexpm", optional: false]}, {:property_table, "~> 0.2.0 or ~> 0.3.0", [hex: :property_table, repo: "hexpm", optional: false]}], "hexpm", "9db759cc3769b35f27623fbb876497faed9b7abc54d11e3e735c2cf88ba96e2e"},
  "one_dhcpd": {:hex, :one_dhcpd, "2.0.3", "224f8a4cd06d73c9e481dd92766d3e831f8dc4d29d2cd50b9459135b32845da0", [:make, :mix], [{:elixir_make, "~> 0.6", [hex: :elixir_make, repo: "hexpm", optional: false]}], "hexpm", "a5902e4ed956bcfaa975bcda7adb2fc35303695a496eafecea69392a26cbf9ff"},
  "pinout": {:hex, :pinout, "0.1.5", "7133e16703c585748cd5ed9fe5005bf6f8e327621114c3b99c06ecdf8e505178", [:mix], [], "hexpm", "bdbb3f37c76283057c18ea9b312cb622da02fd3ce22ddc0bc48ffff4e73894c8"},
  "property_table": {:hex, :property_table, "0.3.3", "7a31cc1c6d9e0a532787f56bee6d9a6067205d9c24c6d64e8ba851837d59f297", [:mix], [], "hexpm", "738a1584ab56237443e0fccaa0cf4a1da058c0c992948bcd73fed1a99de5696e"},
  "ramoops_logger": {:hex, :ramoops_logger, "0.4.0", "999cbd715693eeebe0842b450967624b142c8c0f29ff0c0e170d4ba6c69491e2", [:mix], [], "hexpm", "8bd3327114215b9a0264dcb4aebde8e708fb0df7317003aac29e7624c81db299"},
  "ring_logger": {:hex, :ring_logger, "0.11.5", "b799ce644a593691f81895fd0903eb0a8a6bff8df9733b891b0da53be21217fe", [:mix], [{:circular_buffer, "~> 0.4.0 or ~> 1.0", [hex: :circular_buffer, repo: "hexpm", optional: false]}], "hexpm", "ec7a309bfa92dac3a85e8903454fe85b2159169329291563437dc8085437ad3a"},
  "shoehorn": {:hex, :shoehorn, "0.9.3", "88b79efa6c3cf42395d0635b2b6a41d1774275abb4a4889c0288874446d33d88", [:mix], [], "hexpm", "376ccf28e1d57a7f9d73ea93130e711886e88f4464a2cb9355787fd23897bbba"},
  "ssh_subsystem_fwup": {:hex, :ssh_subsystem_fwup, "0.6.7", "e5621a629a8c24befbdc1bf56a77d99c7c9075d45ddc19ad7b6c799c661d19de", [:mix], [{:interactive_cmd, "~> 0.1.2", [hex: :interactive_cmd, repo: "hexpm", optional: false]}], "hexpm", "93a72fcbeac9f33edf3cb3cb3d0df77f3a18305c24964bc9b42236bda3aac7eb"},
  "tablet": {:hex, :tablet, "0.3.2", "108b6736e0f6c229c5ffd64a01188d5e6ddcf0a68546338f95611bf691f55453", [:mix], [], "hexpm", "74b1cbfcf2a8e55d685a804ad36dd40ec640b3b16c03782a2eb791fd051a0f0e"},
  "toolshed": {:hex, :toolshed, "0.4.2", "b760b2dc24bc45f74d88ebf7251e5a235583fc5f51b4c6fea43e0b334b22fff3", [:mix], [{:nerves_runtime, "~> 0.8", [hex: :nerves_runtime, repo: "hexpm", optional: true]}], "hexpm", "e75aee836fc391d4ae0a422b7e6ef3380b86f8ffa3b181d5d36c390dc1167e0d"},
  "uboot_env": {:hex, :uboot_env, "1.0.2", "239809ab786a57f0f3d4eb318e0af30b7847c288cff96fc9306cd5283f967355", [:mix], [], "hexpm", "89c6419b3af35f90f7f027858e977c719c1a8b68e57be73757bc21a2ed0cc03d"},
  "vintage_net": {:hex, :vintage_net, "0.13.9", "23d4402bb97d8ac415237898b39e94275618749c34b848e730ef9ead152cc637", [:make, :mix], [{:beam_notify, "~> 0.2.0 or ~> 1.0", [hex: :beam_notify, repo: "hexpm", optional: false]}, {:elixir_make, "~> 0.6", [hex: :elixir_make, repo: "hexpm", optional: false]}, {:muontrap, "~> 0.5.1 or ~> 0.6.0 or ~> 1.0", [hex: :muontrap, repo: "hexpm", optional: false]}, {:property_table, "~> 0.2.0 or ~> 0.3.0", [hex: :property_table, repo: "hexpm", optional: false]}], "hexpm", "4b432b42762585b9c7aaeed055dfa59227f88759d86111d6e9830ffe1d09981d"},
  "vintage_net_direct": {:hex, :vintage_net_direct, "0.10.7", "940561c375f04d6734ac78100ae1d8ef790ffd7e966f70efb525230fa1bc5774", [:mix], [{:one_dhcpd, "~> 0.2.3 or ~> 1.0 or ~> 2.0", [hex: :one_dhcpd, repo: "hexpm", optional: false]}, {:vintage_net, "~> 0.9.1 or ~> 0.10.0 or ~> 0.11.0 or ~> 0.12.0 or ~> 0.13.0", [hex: :vintage_net, repo: "hexpm", optional: false]}], "hexpm", "c040e9c33220495c28ba4464c5924da00bd4949627c4cb9c99ba1ed96f7b9429"},
  "vintage_net_ethernet": {:hex, :vintage_net_ethernet, "0.11.2", "ef67db5ace9ad5ca5bf229a507247f9eb45b847dc0ff694a6e8a156ed9c5915d", [:mix], [{:vintage_net, "~> 0.12.0 or ~> 0.13.0", [hex: :vintage_net, repo: "hexpm", optional: false]}], "hexpm", "6915f9e15e1aa15e52d1948f318ce5109181d1ad7aaa50016bad5dd8e22df9ea"},
  "vintage_net_wifi": {:hex, :vintage_net_wifi, "0.12.8", "73e26dd04fc7eefef4a8a225f0bb3b1e4daea0ed1546bdd61ce7b7b9c2ff9232", [:make, :mix], [{:elixir_make, "~> 0.6", [hex: :elixir_make, repo: "hexpm", optional: false]}, {:vintage_net, "~> 0.12.0 or ~> 0.13.0", [hex: :vintage_net, repo: "hexpm", optional: false]}], "hexpm", "b6e6c34aed8ca052dbd2806ba86a72d06b2f3af7ecccae46f3060b60026da037"},
}
